<?xml version="1.0" encoding="utf-8"?>
<Project ToolsVersion="4.0" xmlns="http://schemas.microsoft.com/developer/msbuild/2003">
  <ItemGroup>
    <Filter Include="Source Files">
      <UniqueIdentifier>{4FC737F1-C7A5-4376-A066-2A32D752A2FF}</UniqueIdentifier>
      <Extensions>cpp;c;cc;cxx;c++;cppm;ixx;def;odl;idl;hpj;bat;asm;asmx</Extensions>
    </Filter>
    <Filter Include="Header Files">
      <UniqueIdentifier>{93995380-89BD-4b04-88EB-625FBE52EBFB}</UniqueIdentifier>
      <Extensions>h;hh;hpp;hxx;h++;hm;inl;inc;ipp;xsd</Extensions>
    </Filter>
    <Filter Include="Resource Files">
      <UniqueIdentifier>{67DA6AB6-F800-4c08-8B7A-83BB121AAD01}</UniqueIdentifier>
      <Extensions>rc;ico;cur;bmp;dlg;rc2;rct;bin;rgs;gif;jpg;jpeg;jpe;resx;tiff;tif;png;wav;mfcribbon-ms</Extensions>
    </Filter>
    <Filter Include="Header Files\frontend">
      <UniqueIdentifier>{be7f43a4-d6ed-464a-baaa-b0690aec44d0}</UniqueIdentifier>
    </Filter>
    <Filter Include="Source Files\frontend">
      <UniqueIdentifier>{c623cc32-b275-4b9c-bbca-f1070b02100b}</UniqueIdentifier>
    </Filter>
    <Filter Include="Header Files\backend">
      <UniqueIdentifier>{2d4422cf-e4a1-44e6-b9bf-0497338588b7}</UniqueIdentifier>
    </Filter>
    <Filter Include="Source Files\backend">
      <UniqueIdentifier>{f7b8dad1-bb79-4d46-9d04-7476dc94d21c}</UniqueIdentifier>
    </Filter>
    <Filter Include="Header Files\backend\NES">
      <UniqueIdentifier>{86010844-968e-4d29-a867-b13a5b5413e1}</UniqueIdentifier>
    </Filter>
    <Filter Include="Source Files\backend\NES">
      <UniqueIdentifier>{390c1776-a6c4-4af8-b51b-0f1605473764}</UniqueIdentifier>
    </Filter>
    <Filter Include="Header Files\backend\NES\Mappers">
      <UniqueIdentifier>{734f7581-3be5-4f5b-abd5-3a1d2c5ef2ae}</UniqueIdentifier>
    </Filter>
    <Filter Include="Header Files\backend\SHARED">
      <UniqueIdentifier>{7d9621a5-a205-48e1-bc01-55df3985adc8}</UniqueIdentifier>
    </Filter>
    <Filter Include="Header Files\shared">
      <UniqueIdentifier>{51de0b2b-d4c4-4b3f-b3bf-f9621a1a302c}</UniqueIdentifier>
    </Filter>
    <Filter Include="Header Files\frontend\ImGui">
      <UniqueIdentifier>{90159bdd-54a7-42a6-a7b3-deaa11cd4ea4}</UniqueIdentifier>
    </Filter>
    <Filter Include="Source Files\frontend\ImGui">
      <UniqueIdentifier>{d08855a8-3b5e-483c-90d3-c21560aceb44}</UniqueIdentifier>
    </Filter>
    <Filter Include="Resource Files\Fonts">
      <UniqueIdentifier>{cabc4275-4084-4b03-b70e-5fd9a3222154}</UniqueIdentifier>
    </Filter>
    <Filter Include="Header Files\backend\NES\APU Channels">
      <UniqueIdentifier>{583b8ecc-a5db-4eb4-a874-9c12075ef57c}</UniqueIdentifier>
    </Filter>
    <Filter Include="Source Files\backend\NES\APU Channels">
      <UniqueIdentifier>{95b5cc13-b73d-44ac-a410-9fb5b598f092}</UniqueIdentifier>
    </Filter>
  </ItemGroup>
  <ItemGroup>
    <ClInclude Include="src\frontend\Proteus.h">
      <Filter>Header Files\frontend</Filter>
    </ClInclude>
    <ClInclude Include="resources\NES_DB.h">
      <Filter>Resource Files</Filter>
    </ClInclude>
    <ClInclude Include="src\backend\NES\Mappers\Mapper.h">
      <Filter>Header Files\backend\NES\Mappers</Filter>
    </ClInclude>
    <ClInclude Include="src\backend\NES\Mappers\M000.h">
      <Filter>Header Files\backend\NES\Mappers</Filter>
    </ClInclude>
    <ClInclude Include="src\backend\NES\Mappers\M001.h">
      <Filter>Header Files\backend\NES\Mappers</Filter>
    </ClInclude>
    <ClInclude Include="src\backend\NES\Mappers\M002.h">
      <Filter>Header Files\backend\NES\Mappers</Filter>
    </ClInclude>
    <ClInclude Include="src\backend\NES\Mappers\M003.h">
      <Filter>Header Files\backend\NES\Mappers</Filter>
    </ClInclude>
    <ClInclude Include="src\backend\NES\Mappers\M004.h">
      <Filter>Header Files\backend\NES\Mappers</Filter>
    </ClInclude>
    <ClInclude Include="src\frontend\AudioManager.h">
      <Filter>Header Files\frontend</Filter>
    </ClInclude>
    <ClInclude Include="src\frontend\InputManager.h">
      <Filter>Header Files\frontend</Filter>
    </ClInclude>
    <ClInclude Include="src\frontend\VideoManager.h">
      <Filter>Header Files\frontend</Filter>
    </ClInclude>
    <ClInclude Include="src\frontend\DebugManager.h">
      <Filter>Header Files\frontend</Filter>
    </ClInclude>
    <ClInclude Include="src\backend\SHARED\IConsole.h">
      <Filter>Header Files\backend\SHARED</Filter>
    </ClInclude>
    <ClInclude Include="src\backend\SHARED\IDebugger.h">
      <Filter>Header Files\backend\SHARED</Filter>
    </ClInclude>
    <ClInclude Include="src\backend\SHARED\IDevice.h">
      <Filter>Header Files\backend\SHARED</Filter>
    </ClInclude>
    <ClInclude Include="src\shared\Utilities.h">
      <Filter>Header Files\shared</Filter>
    </ClInclude>
    <ClInclude Include="src\shared\SharedPCH.h">
      <Filter>Header Files\shared</Filter>
    </ClInclude>
    <ClInclude Include="src\backend\BackendPCH.h">
      <Filter>Header Files\backend</Filter>
    </ClInclude>
    <ClInclude Include="src\frontend\FrontendPCH.h">
      <Filter>Header Files\frontend</Filter>
    </ClInclude>
    <ClInclude Include="src\backend\NES\APU.h">
      <Filter>Header Files\backend\NES</Filter>
    </ClInclude>
    <ClInclude Include="src\backend\NES\Controller.h">
      <Filter>Header Files\backend\NES</Filter>
    </ClInclude>
    <ClInclude Include="src\backend\NES\CPU.h">
      <Filter>Header Files\backend\NES</Filter>
    </ClInclude>
    <ClInclude Include="src\backend\NES\Debugger.h">
      <Filter>Header Files\backend\NES</Filter>
    </ClInclude>
    <ClInclude Include="src\backend\NES\Gamepak.h">
      <Filter>Header Files\backend\NES</Filter>
    </ClInclude>
    <ClInclude Include="src\backend\NES\NES.h">
      <Filter>Header Files\backend\NES</Filter>
    </ClInclude>
    <ClInclude Include="src\backend\NES\Constants.h">
      <Filter>Header Files\backend\NES</Filter>
    </ClInclude>
    <ClInclude Include="src\backend\NES\NES_PCH.h">
      <Filter>Header Files\backend\NES</Filter>
    </ClInclude>
    <ClInclude Include="src\backend\NES\Types.h">
      <Filter>Header Files\backend\NES</Filter>
    </ClInclude>
    <ClInclude Include="src\backend\NES\PPU.h">
      <Filter>Header Files\backend\NES</Filter>
    </ClInclude>
    <ClInclude Include="src\frontend\Types.h">
      <Filter>Header Files\frontend</Filter>
    </ClInclude>
    <ClInclude Include="src\frontend\ImGui\imconfig.h">
      <Filter>Header Files\frontend\ImGui</Filter>
    </ClInclude>
    <ClInclude Include="src\frontend\ImGui\imgui.h">
      <Filter>Header Files\frontend\ImGui</Filter>
    </ClInclude>
    <ClInclude Include="src\frontend\ImGui\imgui_impl_sdl3.h">
      <Filter>Header Files\frontend\ImGui</Filter>
    </ClInclude>
    <ClInclude Include="src\frontend\ImGui\imgui_internal.h">
      <Filter>Header Files\frontend\ImGui</Filter>
    </ClInclude>
    <ClInclude Include="src\frontend\ImGui\imstb_rectpack.h">
      <Filter>Header Files\frontend\ImGui</Filter>
    </ClInclude>
    <ClInclude Include="src\frontend\ImGui\imstb_textedit.h">
      <Filter>Header Files\frontend\ImGui</Filter>
    </ClInclude>
    <ClInclude Include="src\frontend\ImGui\imstb_truetype.h">
      <Filter>Header Files\frontend\ImGui</Filter>
    </ClInclude>
    <ClInclude Include="resources\SonyFont.h">
      <Filter>Resource Files\Fonts</Filter>
    </ClInclude>
    <ClInclude Include="resources\NintendoFont.h">
      <Filter>Resource Files\Fonts</Filter>
    </ClInclude>
    <ClInclude Include="resources\debug_font.h">
      <Filter>Resource Files\Fonts</Filter>
    </ClInclude>
    <ClInclude Include="resources\inter_font.h">
      <Filter>Resource Files\Fonts</Filter>
    </ClInclude>
    <ClInclude Include="resources\MicrosoftFont.h">
      <Filter>Resource Files\Fonts</Filter>
    </ClInclude>
    <ClInclude Include="src\frontend\ImGui\imgui_impl_sdlrenderer3.h">
      <Filter>Header Files\frontend\ImGui</Filter>
    </ClInclude>
    <ClInclude Include="src\backend\NES\DMC.h">
      <Filter>Header Files\backend\NES\APU Channels</Filter>
    </ClInclude>
    <ClInclude Include="src\backend\NES\Noise.h">
      <Filter>Header Files\backend\NES\APU Channels</Filter>
    </ClInclude>
    <ClInclude Include="src\backend\NES\Pulse.h">
      <Filter>Header Files\backend\NES\APU Channels</Filter>
    </ClInclude>
    <ClInclude Include="src\backend\NES\Triangle.h">
      <Filter>Header Files\backend\NES\APU Channels</Filter>
    </ClInclude>
  </ItemGroup>
  <ItemGroup>
    <ClCompile Include="src\frontend\Proteus.cpp">
      <Filter>Source Files\frontend</Filter>
    </ClCompile>
    <ClCompile Include="src\main.cpp">
      <Filter>Source Files</Filter>
    </ClCompile>
    <ClCompile Include="src\frontend\InputManager.cpp">
      <Filter>Source Files\frontend</Filter>
    </ClCompile>
    <ClCompile Include="src\frontend\VideoManager.cpp">
      <Filter>Source Files\frontend</Filter>
    </ClCompile>
    <ClCompile Include="src\frontend\AudioManager.cpp">
      <Filter>Source Files\frontend</Filter>
    </ClCompile>
    <ClCompile Include="src\frontend\DebugManager.cpp">
      <Filter>Source Files\frontend</Filter>
    </ClCompile>
    <ClCompile Include="src\backend\NES\APU.cpp">
      <Filter>Source Files\backend\NES</Filter>
    </ClCompile>
    <ClCompile Include="src\backend\NES\Controller.cpp">
      <Filter>Source Files\backend\NES</Filter>
    </ClCompile>
    <ClCompile Include="src\backend\NES\CPU.cpp">
      <Filter>Source Files\backend\NES</Filter>
    </ClCompile>
    <ClCompile Include="src\backend\NES\CPU_AddressModes.cpp">
      <Filter>Source Files\backend\NES</Filter>
    </ClCompile>
    <ClCompile Include="src\backend\NES\CPU_Instructions.cpp">
      <Filter>Source Files\backend\NES</Filter>
    </ClCompile>
    <ClCompile Include="src\backend\NES\Debugger.cpp">
      <Filter>Source Files\backend\NES</Filter>
    </ClCompile>
    <ClCompile Include="src\backend\NES\Gamepak.cpp">
      <Filter>Source Files\backend\NES</Filter>
    </ClCompile>
    <ClCompile Include="src\backend\NES\NES.cpp">
      <Filter>Source Files\backend\NES</Filter>
    </ClCompile>
    <ClCompile Include="src\backend\NES\PPU.cpp">
      <Filter>Source Files\backend\NES</Filter>
    </ClCompile>
    <ClCompile Include="src\backend\NES\PPU_BG.cpp">
      <Filter>Source Files\backend\NES</Filter>
    </ClCompile>
    <ClCompile Include="src\backend\NES\PPU_Sprites.cpp">
      <Filter>Source Files\backend\NES</Filter>
    </ClCompile>
    <ClCompile Include="src\frontend\ImGui\imgui.cpp">
      <Filter>Source Files\frontend\ImGui</Filter>
    </ClCompile>
    <ClCompile Include="src\frontend\ImGui\imgui_demo.cpp">
      <Filter>Source Files\frontend\ImGui</Filter>
    </ClCompile>
    <ClCompile Include="src\frontend\ImGui\imgui_draw.cpp">
      <Filter>Source Files\frontend\ImGui</Filter>
    </ClCompile>
    <ClCompile Include="src\frontend\ImGui\imgui_impl_sdl3.cpp">
      <Filter>Source Files\frontend\ImGui</Filter>
    </ClCompile>
    <ClCompile Include="src\frontend\ImGui\imgui_tables.cpp">
      <Filter>Source Files\frontend\ImGui</Filter>
    </ClCompile>
    <ClCompile Include="src\frontend\ImGui\imgui_widgets.cpp">
      <Filter>Source Files\frontend\ImGui</Filter>
    </ClCompile>
    <ClCompile Include="src\frontend\ImGui\imgui_impl_sdlrenderer3.cpp">
      <Filter>Source Files\frontend\ImGui</Filter>
    </ClCompile>
    <ClCompile Include="src\backend\NES\DMC.cpp">
      <Filter>Source Files\backend\NES\APU Channels</Filter>
    </ClCompile>
    <ClCompile Include="src\backend\NES\Noise.cpp">
      <Filter>Source Files\backend\NES\APU Channels</Filter>
    </ClCompile>
    <ClCompile Include="src\backend\NES\Triangle.cpp">
      <Filter>Source Files\backend\NES\APU Channels</Filter>
    </ClCompile>
    <ClCompile Include="src\backend\NES\Pulse.cpp">
      <Filter>Source Files\backend\NES\APU Channels</Filter>
    </ClCompile>
  </ItemGroup>
  <ItemGroup>
    <None Include="packages.config" />
    <None Include="README.md" />
    <None Include="LICENSE.md" />
    <None Include=".gitignore" />
  </ItemGroup>
  <ItemGroup>
    <Text Include="TODO.txt" />
  </ItemGroup>
</Project>