<?xml version="1.0" encoding="utf-8"?>
<Project ToolsVersion="4.0" xmlns="http://schemas.microsoft.com/developer/msbuild/2003">
  <ItemGroup>
    <Filter Include="Resource Files">
      <UniqueIdentifier>{67DA6AB6-F800-4c08-8B7A-83BB121AAD01}</UniqueIdentifier>
      <Extensions>rc;ico;cur;bmp;dlg;rc2;rct;bin;rgs;gif;jpg;jpeg;jpe;resx;tiff;tif;png;wav;mfcribbon-ms</Extensions>
    </Filter>
    <Filter Include="Resource Files\Fonts">
      <UniqueIdentifier>{cabc4275-4084-4b03-b70e-5fd9a3222154}</UniqueIdentifier>
    </Filter>
    <Filter Include="src">
      <UniqueIdentifier>{a3dc38b4-9537-42b8-a89a-65f3c0676ac6}</UniqueIdentifier>
    </Filter>
    <Filter Include="src\backend">
      <UniqueIdentifier>{f7b8dad1-bb79-4d46-9d04-7476dc94d21c}</UniqueIdentifier>
    </Filter>
    <Filter Include="src\backend\NES">
      <UniqueIdentifier>{8429efcc-aaeb-4556-b5d2-6e23095fe01e}</UniqueIdentifier>
    </Filter>
    <Filter Include="src\backend\NES\CPU">
      <UniqueIdentifier>{9f5de2a5-3fbc-4531-b6c9-9faddcce346c}</UniqueIdentifier>
    </Filter>
    <Filter Include="src\backend\NES\APU">
      <UniqueIdentifier>{663b0787-0f14-4986-afa9-8c8f5a57f0bf}</UniqueIdentifier>
    </Filter>
    <Filter Include="src\backend\NES\PPU">
      <UniqueIdentifier>{cab3545e-316c-4d57-8908-e4241ef54fdf}</UniqueIdentifier>
    </Filter>
    <Filter Include="src\backend\NES\shared">
      <UniqueIdentifier>{3a5f8f19-ae32-467f-8da5-5b274a499147}</UniqueIdentifier>
    </Filter>
    <Filter Include="src\backend\NES\PAK">
      <UniqueIdentifier>{a0217cdb-8e8a-48a3-b520-1e0c6da49421}</UniqueIdentifier>
    </Filter>
    <Filter Include="src\backend\NES\PAK\Mappers">
      <UniqueIdentifier>{6ac803f8-917d-4bf6-a55f-881728613c27}</UniqueIdentifier>
    </Filter>
    <Filter Include="src\backend\shared">
      <UniqueIdentifier>{0c8ad021-a8d8-4a95-854a-b7093aa1b5b2}</UniqueIdentifier>
    </Filter>
    <Filter Include="src\frontend">
      <UniqueIdentifier>{c623cc32-b275-4b9c-bbca-f1070b02100b}</UniqueIdentifier>
    </Filter>
    <Filter Include="src\frontend\ImGui">
      <UniqueIdentifier>{d08855a8-3b5e-483c-90d3-c21560aceb44}</UniqueIdentifier>
    </Filter>
    <Filter Include="src\shared">
      <UniqueIdentifier>{858f852b-6249-4eb9-999e-c9caf89c648d}</UniqueIdentifier>
    </Filter>
    <Filter Include="src\frontend\app">
      <UniqueIdentifier>{5dc97aa7-1d59-4144-b9f3-8bd547b1a8c3}</UniqueIdentifier>
    </Filter>
    <Filter Include="src\frontend\input">
      <UniqueIdentifier>{09e93fec-f373-4e07-8fbf-69528fd20652}</UniqueIdentifier>
    </Filter>
    <Filter Include="src\frontend\audio">
      <UniqueIdentifier>{7525fdbd-f92f-46a9-9a09-2473dfe0d030}</UniqueIdentifier>
    </Filter>
    <Filter Include="src\frontend\video">
      <UniqueIdentifier>{79bbbb93-e8de-4a5d-9dc4-f89f49fcf2ab}</UniqueIdentifier>
    </Filter>
    <Filter Include="src\frontend\logging">
      <UniqueIdentifier>{c4647246-0001-4db0-9392-2bd223f87286}</UniqueIdentifier>
    </Filter>
    <Filter Include="src\frontend\rom_library">
      <UniqueIdentifier>{0997ad0b-3628-4986-81f5-1b0786b04d1f}</UniqueIdentifier>
    </Filter>
    <Filter Include="src\frontend\session">
      <UniqueIdentifier>{e53b056d-8ec5-439b-9cd7-13585039c356}</UniqueIdentifier>
    </Filter>
  </ItemGroup>
  <ItemGroup>
    <ClInclude Include="resources\NES_DB.h">
      <Filter>Resource Files</Filter>
    </ClInclude>
    <ClInclude Include="src\backend\shared\IConsole.hpp">
      <Filter>src\backend\shared</Filter>
    </ClInclude>
    <ClInclude Include="src\backend\shared\IDebugger.hpp">
      <Filter>src\backend\shared</Filter>
    </ClInclude>
    <ClInclude Include="src\backend\shared\IDevice.hpp">
      <Filter>src\backend\shared</Filter>
    </ClInclude>
    <ClInclude Include="src\backend\shared\BackendPCH.hpp">
      <Filter>src\backend\shared</Filter>
    </ClInclude>
    <ClInclude Include="src\backend\NES\shared\Constants.hpp">
      <Filter>src\backend\NES\shared</Filter>
    </ClInclude>
    <ClInclude Include="src\backend\NES\shared\Debugger.hpp">
      <Filter>src\backend\NES\shared</Filter>
    </ClInclude>
    <ClInclude Include="src\backend\NES\shared\NES_PCH.hpp">
      <Filter>src\backend\NES\shared</Filter>
    </ClInclude>
    <ClInclude Include="src\backend\NES\shared\Types.hpp">
      <Filter>src\backend\NES\shared</Filter>
    </ClInclude>
    <ClInclude Include="src\backend\NES\PPU\PPU.hpp">
      <Filter>src\backend\NES\PPU</Filter>
    </ClInclude>
    <ClInclude Include="src\backend\NES\APU\APU.hpp">
      <Filter>src\backend\NES\APU</Filter>
    </ClInclude>
    <ClInclude Include="src\backend\NES\APU\DMC.hpp">
      <Filter>src\backend\NES\APU</Filter>
    </ClInclude>
    <ClInclude Include="src\backend\NES\APU\Noise.hpp">
      <Filter>src\backend\NES\APU</Filter>
    </ClInclude>
    <ClInclude Include="src\backend\NES\APU\Pulse.hpp">
      <Filter>src\backend\NES\APU</Filter>
    </ClInclude>
    <ClInclude Include="src\backend\NES\APU\Triangle.hpp">
      <Filter>src\backend\NES\APU</Filter>
    </ClInclude>
    <ClInclude Include="src\backend\NES\CPU\CPU.hpp">
      <Filter>src\backend\NES\CPU</Filter>
    </ClInclude>
    <ClInclude Include="src\backend\NES\Controller.hpp">
      <Filter>src\backend\NES</Filter>
    </ClInclude>
    <ClInclude Include="src\backend\NES\NES.hpp">
      <Filter>src\backend\NES</Filter>
    </ClInclude>
    <ClInclude Include="src\shared\SharedPCH.hpp">
      <Filter>src\shared</Filter>
    </ClInclude>
    <ClInclude Include="src\shared\Utilities.hpp">
      <Filter>src\shared</Filter>
    </ClInclude>
    <ClInclude Include="src\backend\NES\PAK\Gamepak.hpp">
      <Filter>src\backend\NES\PAK</Filter>
    </ClInclude>
    <ClInclude Include="src\backend\NES\PAK\Mappers\M000.hpp">
      <Filter>src\backend\NES\PAK\Mappers</Filter>
    </ClInclude>
    <ClInclude Include="src\backend\NES\PAK\Mappers\M001.hpp">
      <Filter>src\backend\NES\PAK\Mappers</Filter>
    </ClInclude>
    <ClInclude Include="src\backend\NES\PAK\Mappers\M002.hpp">
      <Filter>src\backend\NES\PAK\Mappers</Filter>
    </ClInclude>
    <ClInclude Include="src\backend\NES\PAK\Mappers\M003.hpp">
      <Filter>src\backend\NES\PAK\Mappers</Filter>
    </ClInclude>
    <ClInclude Include="src\backend\NES\PAK\Mappers\M004.hpp">
      <Filter>src\backend\NES\PAK\Mappers</Filter>
    </ClInclude>
    <ClInclude Include="src\backend\NES\PAK\Mappers\Mapper.hpp">
      <Filter>src\backend\NES\PAK\Mappers</Filter>
    </ClInclude>
    <ClInclude Include="src\frontend\FrontendPCH.hpp">
      <Filter>src\frontend</Filter>
    </ClInclude>
    <ClInclude Include="src\frontend\Types.hpp">
      <Filter>src\frontend</Filter>
    </ClInclude>
    <ClInclude Include="src\frontend\ImGui\imconfig.h">
      <Filter>src\frontend\ImGui</Filter>
    </ClInclude>
    <ClInclude Include="src\frontend\ImGui\imgui.h">
      <Filter>src\frontend\ImGui</Filter>
    </ClInclude>
    <ClInclude Include="src\frontend\ImGui\imgui_impl_sdl3.h">
      <Filter>src\frontend\ImGui</Filter>
    </ClInclude>
    <ClInclude Include="src\frontend\ImGui\imgui_impl_sdlrenderer3.h">
      <Filter>src\frontend\ImGui</Filter>
    </ClInclude>
    <ClInclude Include="src\frontend\ImGui\imgui_internal.h">
      <Filter>src\frontend\ImGui</Filter>
    </ClInclude>
    <ClInclude Include="src\frontend\ImGui\imstb_rectpack.h">
      <Filter>src\frontend\ImGui</Filter>
    </ClInclude>
    <ClInclude Include="src\frontend\ImGui\imstb_textedit.h">
      <Filter>src\frontend\ImGui</Filter>
    </ClInclude>
    <ClInclude Include="src\frontend\ImGui\imstb_truetype.h">
      <Filter>src\frontend\ImGui</Filter>
    </ClInclude>
    <ClInclude Include="resources\FontDebug.h">
      <Filter>Resource Files\Fonts</Filter>
    </ClInclude>
    <ClInclude Include="resources\FontUI.h">
      <Filter>Resource Files\Fonts</Filter>
    </ClInclude>
    <ClInclude Include="resources\FontUI_Bold.h">
      <Filter>Resource Files\Fonts</Filter>
    </ClInclude>
    <ClInclude Include="resources\FontUI_BoldItalic.h">
      <Filter>Resource Files\Fonts</Filter>
    </ClInclude>
    <ClInclude Include="resources\FontUI_Italic.h">
      <Filter>Resource Files\Fonts</Filter>
    </ClInclude>
    <ClInclude Include="src\shared\json.h">
      <Filter>src\shared</Filter>
    </ClInclude>
    <ClInclude Include="src\shared\Types.hpp">
      <Filter>src\shared</Filter>
    </ClInclude>
    <ClInclude Include="src\backend\Consoles.hpp">
      <Filter>src\backend</Filter>
    </ClInclude>
    <ClInclude Include="src\backend\Debuggers.hpp">
      <Filter>src\backend</Filter>
    </ClInclude>
    <ClInclude Include="src\frontend\app\Proteus.hpp">
      <Filter>src\frontend\app</Filter>
    </ClInclude>
    <ClInclude Include="src\frontend\audio\AudioManager.hpp">
      <Filter>src\frontend\audio</Filter>
    </ClInclude>
    <ClInclude Include="src\frontend\input\InputManager.hpp">
      <Filter>src\frontend\input</Filter>
    </ClInclude>
    <ClInclude Include="src\frontend\logging\Logger.hpp">
      <Filter>src\frontend\logging</Filter>
    </ClInclude>
    <ClInclude Include="src\frontend\logging\LoggingTypes.hpp">
      <Filter>src\frontend\logging</Filter>
    </ClInclude>
    <ClInclude Include="src\frontend\rom_library\RomLibrary.hpp">
      <Filter>src\frontend\rom_library</Filter>
    </ClInclude>
    <ClInclude Include="src\frontend\video\VideoManager.hpp">
      <Filter>src\frontend\video</Filter>
    </ClInclude>
    <ClInclude Include="src\frontend\input\InputTypes.hpp">
      <Filter>src\frontend\input</Filter>
    </ClInclude>
    <ClInclude Include="src\frontend\video\VideoTypes.hpp">
      <Filter>src\frontend\video</Filter>
    </ClInclude>
    <ClInclude Include="src\frontend\rom_library\RomLibraryTypes.hpp">
      <Filter>src\frontend\rom_library</Filter>
    </ClInclude>
    <ClInclude Include="src\frontend\session\ConsoleFactory.hpp">
      <Filter>src\frontend\session</Filter>
    </ClInclude>
    <ClInclude Include="src\frontend\session\ConsoleSession.hpp">
      <Filter>src\frontend\session</Filter>
    </ClInclude>
    <ClInclude Include="src\frontend\session\DebuggerFactory.hpp">
      <Filter>src\frontend\session</Filter>
    </ClInclude>
    <ClInclude Include="src\frontend\app\IManagerContexts.hpp">
      <Filter>src\frontend\app</Filter>
    </ClInclude>
    <ClInclude Include="src\frontend\app\AppTypes.hpp">
      <Filter>src\frontend\app</Filter>
    </ClInclude>
    <ClInclude Include="src\frontend\session\SessionTypes.hpp">
      <Filter>src\frontend\session</Filter>
    </ClInclude>
  </ItemGroup>
  <ItemGroup>
    <ClCompile Include="src\frontend\ImGui\imgui.cpp">
      <Filter>src\frontend\ImGui</Filter>
    </ClCompile>
    <ClCompile Include="src\frontend\ImGui\imgui_demo.cpp">
      <Filter>src\frontend\ImGui</Filter>
    </ClCompile>
    <ClCompile Include="src\frontend\ImGui\imgui_draw.cpp">
      <Filter>src\frontend\ImGui</Filter>
    </ClCompile>
    <ClCompile Include="src\frontend\ImGui\imgui_impl_sdl3.cpp">
      <Filter>src\frontend\ImGui</Filter>
    </ClCompile>
    <ClCompile Include="src\frontend\ImGui\imgui_tables.cpp">
      <Filter>src\frontend\ImGui</Filter>
    </ClCompile>
    <ClCompile Include="src\frontend\ImGui\imgui_widgets.cpp">
      <Filter>src\frontend\ImGui</Filter>
    </ClCompile>
    <ClCompile Include="src\frontend\ImGui\imgui_impl_sdlrenderer3.cpp">
      <Filter>src\frontend\ImGui</Filter>
    </ClCompile>
    <ClCompile Include="src\backend\NES\shared\Debugger.cpp">
      <Filter>src\backend\NES\shared</Filter>
    </ClCompile>
    <ClCompile Include="src\backend\NES\PPU\PPU.cpp">
      <Filter>src\backend\NES\PPU</Filter>
    </ClCompile>
    <ClCompile Include="src\backend\NES\PPU\PPU_BG.cpp">
      <Filter>src\backend\NES\PPU</Filter>
    </ClCompile>
    <ClCompile Include="src\backend\NES\PPU\PPU_Sprites.cpp">
      <Filter>src\backend\NES\PPU</Filter>
    </ClCompile>
    <ClCompile Include="src\backend\NES\APU\APU.cpp">
      <Filter>src\backend\NES\APU</Filter>
    </ClCompile>
    <ClCompile Include="src\backend\NES\APU\DMC.cpp">
      <Filter>src\backend\NES\APU</Filter>
    </ClCompile>
    <ClCompile Include="src\backend\NES\APU\Noise.cpp">
      <Filter>src\backend\NES\APU</Filter>
    </ClCompile>
    <ClCompile Include="src\backend\NES\APU\Pulse.cpp">
      <Filter>src\backend\NES\APU</Filter>
    </ClCompile>
    <ClCompile Include="src\backend\NES\APU\Triangle.cpp">
      <Filter>src\backend\NES\APU</Filter>
    </ClCompile>
    <ClCompile Include="src\backend\NES\CPU\CPU.cpp">
      <Filter>src\backend\NES\CPU</Filter>
    </ClCompile>
    <ClCompile Include="src\backend\NES\CPU\CPU_AddressModes.cpp">
      <Filter>src\backend\NES\CPU</Filter>
    </ClCompile>
    <ClCompile Include="src\backend\NES\CPU\CPU_Instructions.cpp">
      <Filter>src\backend\NES\CPU</Filter>
    </ClCompile>
    <ClCompile Include="src\backend\NES\Controller.cpp">
      <Filter>src\backend\NES</Filter>
    </ClCompile>
    <ClCompile Include="src\backend\NES\NES.cpp">
      <Filter>src\backend\NES</Filter>
    </ClCompile>
    <ClCompile Include="src\backend\NES\PAK\Gamepak.cpp">
      <Filter>src\backend\NES\PAK</Filter>
    </ClCompile>
    <ClCompile Include="src\main.cpp">
      <Filter>src</Filter>
    </ClCompile>
    <ClCompile Include="src\frontend\app\Proteus.cpp">
      <Filter>src\frontend\app</Filter>
    </ClCompile>
    <ClCompile Include="src\frontend\audio\AudioManager.cpp">
      <Filter>src\frontend\audio</Filter>
    </ClCompile>
    <ClCompile Include="src\frontend\input\InputManager.cpp">
      <Filter>src\frontend\input</Filter>
    </ClCompile>
    <ClCompile Include="src\frontend\logging\Logger.cpp">
      <Filter>src\frontend\logging</Filter>
    </ClCompile>
    <ClCompile Include="src\frontend\rom_library\RomLibrary.cpp">
      <Filter>src\frontend\rom_library</Filter>
    </ClCompile>
    <ClCompile Include="src\frontend\video\VideoManager.cpp">
      <Filter>src\frontend\video</Filter>
    </ClCompile>
    <ClCompile Include="src\frontend\session\ConsoleSession.cpp">
      <Filter>src\frontend\session</Filter>
    </ClCompile>
  </ItemGroup>
  <ItemGroup>
    <None Include="packages.config" />
    <None Include="README.md" />
    <None Include="LICENSE.md" />
    <None Include=".gitignore" />
  </ItemGroup>
  <ItemGroup>
    <Text Include="TODO.txt" />
  </ItemGroup>
</Project>