<?xml version="1.0" encoding="utf-8"?>
<Project ToolsVersion="18.0" xmlns="http://schemas.microsoft.com/developer/msbuild/2003">
  <ItemGroup>
    <ClCompile Include="C:\devenv\PROTEUS\ProteusNES\src\NesCoreExports.cpp">
      <Filter>Source Files</Filter>
    </ClCompile>
    <ClCompile Include="C:\devenv\PROTEUS\ProteusNES\src\NES.cpp">
      <Filter>Source Files</Filter>
    </ClCompile>
    <ClCompile Include="C:\devenv\PROTEUS\ProteusNES\src\NesController.cpp">
      <Filter>Source Files</Filter>
    </ClCompile>
    <ClCompile Include="C:\devenv\PROTEUS\ProteusNES\src\APU\NesAPU.cpp">
      <Filter>Source Files</Filter>
    </ClCompile>
    <ClCompile Include="C:\devenv\PROTEUS\ProteusNES\src\APU\NesDMC.cpp">
      <Filter>Source Files</Filter>
    </ClCompile>
    <ClCompile Include="C:\devenv\PROTEUS\ProteusNES\src\APU\NesNoise.cpp">
      <Filter>Source Files</Filter>
    </ClCompile>
    <ClCompile Include="C:\devenv\PROTEUS\ProteusNES\src\APU\NesPulse.cpp">
      <Filter>Source Files</Filter>
    </ClCompile>
    <ClCompile Include="C:\devenv\PROTEUS\ProteusNES\src\APU\NesTriangle.cpp">
      <Filter>Source Files</Filter>
    </ClCompile>
    <ClCompile Include="C:\devenv\PROTEUS\ProteusNES\src\CPU\NesCPU.cpp">
      <Filter>Source Files</Filter>
    </ClCompile>
    <ClCompile Include="C:\devenv\PROTEUS\ProteusNES\src\CPU\NesCPU_AddressModes.cpp">
      <Filter>Source Files</Filter>
    </ClCompile>
    <ClCompile Include="C:\devenv\PROTEUS\ProteusNES\src\CPU\NesCPU_Instructions.cpp">
      <Filter>Source Files</Filter>
    </ClCompile>
    <ClCompile Include="C:\devenv\PROTEUS\ProteusNES\src\PAK\NesGamepak.cpp">
      <Filter>Source Files</Filter>
    </ClCompile>
    <ClCompile Include="C:\devenv\PROTEUS\ProteusNES\src\PPU\NesPPU.cpp">
      <Filter>Source Files</Filter>
    </ClCompile>
    <ClCompile Include="C:\devenv\PROTEUS\ProteusNES\src\PPU\NesPPU_BG.cpp">
      <Filter>Source Files</Filter>
    </ClCompile>
    <ClCompile Include="C:\devenv\PROTEUS\ProteusNES\src\PPU\NesPPU_Sprites.cpp">
      <Filter>Source Files</Filter>
    </ClCompile>
    <ClCompile Include="C:\devenv\PROTEUS\ProteusNES\src\shared\NesDebugger.cpp">
      <Filter>Source Files</Filter>
    </ClCompile>
  </ItemGroup>
  <ItemGroup>
    <CustomBuild Include="C:\devenv\PROTEUS\ProteusNES\src\CMakeLists.txt" />
  </ItemGroup>
  <ItemGroup>
    <Filter Include="Source Files">
      <UniqueIdentifier>{CF56B180-4D8A-3B97-A936-B93CF3E530B4}</UniqueIdentifier>
    </Filter>
  </ItemGroup>
</Project>
